
Microsoft Visual Studio Solution File, Format Version 12.00
# Visual Studio Version 17
VisualStudioVersion = 17.13.35931.197 d17.13
MinimumVisualStudioVersion = 10.0.40219.1
Project("{FAE04EC0-301F-11D3-BF4B-00C04F79EFBC}") = "guestlist-manager-cli-csharp", "guestlist-manager-cli-csharp\guestlist-manager-cli-csharp.csproj", "{847CFEE3-57C0-4F45-BD32-83C277207731}"
EndProject
Global
	GlobalSection(SolutionConfigurationPlatforms) = preSolution
		Debug|Any CPU = Debug|Any CPU
		Release|Any CPU = Release|Any CPU
	EndGlobalSection
	GlobalSection(ProjectConfigurationPlatforms) = postSolution
		{847CFEE3-57C0-4F45-BD32-83C277207731}.Debug|Any CPU.ActiveCfg = Debug|Any CPU
		{847CFEE3-57C0-4F45-BD32-83C277207731}.Debug|Any CPU.Build.0 = Debug|Any CPU
		{847CFEE3-57C0-4F45-BD32-83C277207731}.Release|Any CPU.ActiveCfg = Release|Any CPU
		{847CFEE3-57C0-4F45-BD32-83C277207731}.Release|Any CPU.Build.0 = Release|Any CPU
	EndGlobalSection
	GlobalSection(SolutionProperties) = preSolution
		HideSolutionNode = FALSE
	EndGlobalSection
	GlobalSection(ExtensibilityGlobals) = postSolution
		SolutionGuid = {8041595C-C746-48BF-BB03-2D46E0EAF1C0}
	EndGlobalSection
EndGlobal
